{
  "name": "packaging-pyopp-2025",
  "lockfileVersion": 3,
  "requires": true,
  "packages": {
    "": {
      "dependencies": {
        "mystmd": "^1.4.0"
      }
    },
    "node_modules/mystmd": {
      "version": "1.4.0",
      "resolved": "https://registry.npmjs.org/mystmd/-/mystmd-1.4.0.tgz",
      "integrity": "sha512-mev8Pcuz+Ri6N3pLFzd53jmrX1QLSLc5IdS7Gcz8np7OBK7aoguUGeI/kDV6HFYkEjfeO4s9/n8ND+jJhM5SxA==",
      "license": "MIT",
      "bin": {
        "myst": "dist/myst.cjs"
      }
    }
  }
}
